
Microsoft Visual Studio Solution File, Format Version 12.00
# Visual Studio Version 17
VisualStudioVersion = 17.1.32210.238
MinimumVisualStudioVersion = 10.0.40219.1
Project("{9A19103F-16F7-4668-BE54-9A1E7A4F7556}") = "HackerRank", "HackerRank.csproj", "{203B2A0C-F0F8-4B41-9038-D5711673077B}"
EndProject
Project("{FAE04EC0-301F-11D3-BF4B-00C04F79EFBC}") = "HackerRankTests", "HackerRankTests\HackerRankTests.csproj", "{CEEE2132-6570-4926-8088-3291C4DF4C2D}"
EndProject
Global
	GlobalSection(SolutionConfigurationPlatforms) = preSolution
		Debug|Any CPU = Debug|Any CPU
		Release|Any CPU = Release|Any CPU
	EndGlobalSection
	GlobalSection(ProjectConfigurationPlatforms) = postSolution
		{203B2A0C-F0F8-4B41-9038-D5711673077B}.Debug|Any CPU.ActiveCfg = Debug|Any CPU
		{203B2A0C-F0F8-4B41-9038-D5711673077B}.Debug|Any CPU.Build.0 = Debug|Any CPU
		{203B2A0C-F0F8-4B41-9038-D5711673077B}.Release|Any CPU.ActiveCfg = Release|Any CPU
		{203B2A0C-F0F8-4B41-9038-D5711673077B}.Release|Any CPU.Build.0 = Release|Any CPU
		{CEEE2132-6570-4926-8088-3291C4DF4C2D}.Debug|Any CPU.ActiveCfg = Debug|Any CPU
		{CEEE2132-6570-4926-8088-3291C4DF4C2D}.Debug|Any CPU.Build.0 = Debug|Any CPU
		{CEEE2132-6570-4926-8088-3291C4DF4C2D}.Release|Any CPU.ActiveCfg = Release|Any CPU
		{CEEE2132-6570-4926-8088-3291C4DF4C2D}.Release|Any CPU.Build.0 = Release|Any CPU
	EndGlobalSection
	GlobalSection(SolutionProperties) = preSolution
		HideSolutionNode = FALSE
	EndGlobalSection
	GlobalSection(ExtensibilityGlobals) = postSolution
		SolutionGuid = {8FC5D60D-86E0-4DD7-A484-E8FD03D064A2}
	EndGlobalSection
EndGlobal
